PODS:
  - FBSnapshotTestCase (2.1.4):
    - FBSnapshotTestCase/SwiftSupport (= 2.1.4)
  - FBSnapshotTestCase/Core (2.1.4)
  - FBSnapshotTestCase/SwiftSupport (2.1.4):
    - FBSnapshotTestCase/Core
  - Mentions (0.2.0)

DEPENDENCIES:
  - FBSnapshotTestCase
  - Mentions (from `../`)

SPEC REPOS:
  https://github.com/cocoapods/specs.git:
    - FBSnapshotTestCase

EXTERNAL SOURCES:
  Mentions:
    :path: "../"

SPEC CHECKSUMS:
  FBSnapshotTestCase: 094f9f314decbabe373b87cc339bea235a63e07a
  Mentions: c52968942e3958a486fb21e2072309528635cacd

PODFILE CHECKSUM: 5f1cc487160907907ff307f780e99b771cf671f0

COCOAPODS: 1.5.3
