PODS:
  - FBSnapshotTestCase (2.1.4):
    - FBSnapshotTestCase/SwiftSupport (= 2.1.4)
  - FBSnapshotTestCase/Core (2.1.4)
  - FBSnapshotTestCase/SwiftSupport (2.1.4):
    - FBSnapshotTestCase/Core
  - Mentions (0.1.1)

DEPENDENCIES:
  - FBSnapshotTestCase
  - Mentions (from `../`)

EXTERNAL SOURCES:
  Mentions:
    :path: "../"

SPEC CHECKSUMS:
  FBSnapshotTestCase: '094f9f314decbabe373b87cc339bea235a63e07a'
  Mentions: d566c3e1aafc7314779a6bbf032b462cda93d289

PODFILE CHECKSUM: 5f1cc487160907907ff307f780e99b771cf671f0

COCOAPODS: 1.2.0
